{
  "name": "frontend",
  "lockfileVersion": 3,
  "requires": true,
  "packages": {
    "": {
      "dependencies": {
        "vegatrader-frontend": "file:.."
      }
    },
    "..": {
      "name": "vegatrader-frontend",
      "version": "2.2.3",
      "dependencies": {
        "@element-plus/icons-vue": "^2.3.2",
        "element-plus": "^2.11.2",
        "klinecharts": "^9.8.0",
        "monaco-editor": "^0.53.0",
        "vue": "^3.4.0"
      },
      "devDependencies": {
        "@vitejs/plugin-vue": "^5.0.0",
        "typescript": "^5.0.0",
        "vite": "^5.0.0",
        "vue-tsc": "^2.0.0"
      }
    },
    "node_modules/vegatrader-frontend": {
      "resolved": "..",
      "link": true
    }
  }
}
